
Microsoft Visual Studio Solution File, Format Version 12.00
# Visual Studio 15
VisualStudioVersion = 15.0.27703.2018
MinimumVisualStudioVersion = 10.0.40219.1
Project("{8BC9CEB8-8B4A-11D0-8D11-00A0C91BC942}") = "CS1666-RPG", "RPG.vcxproj", "{5995F7A9-BC5F-47C4-99DF-07FB5A3BCF5C}"
EndProject
Project("{2150E333-8FDC-42A3-9474-1A3956D46DE8}") = "Solution Items", "Solution Items", "{AA30A322-A7E3-4AE2-96A5-85AEED8C4297}"
EndProject
Global
	GlobalSection(SolutionConfigurationPlatforms) = preSolution
		Debug|x64 = Debug|x64
		Debug|x86 = Debug|x86
		Release|x64 = Release|x64
		Release|x86 = Release|x86
	EndGlobalSection
	GlobalSection(ProjectConfigurationPlatforms) = postSolution
		{5995F7A9-BC5F-47C4-99DF-07FB5A3BCF5C}.Debug|x64.ActiveCfg = Debug|x64
		{5995F7A9-BC5F-47C4-99DF-07FB5A3BCF5C}.Debug|x64.Build.0 = Debug|x64
		{5995F7A9-BC5F-47C4-99DF-07FB5A3BCF5C}.Debug|x86.ActiveCfg = Debug|Win32
		{5995F7A9-BC5F-47C4-99DF-07FB5A3BCF5C}.Debug|x86.Build.0 = Debug|Win32
		{5995F7A9-BC5F-47C4-99DF-07FB5A3BCF5C}.Release|x64.ActiveCfg = Release|x64
		{5995F7A9-BC5F-47C4-99DF-07FB5A3BCF5C}.Release|x64.Build.0 = Release|x64
		{5995F7A9-BC5F-47C4-99DF-07FB5A3BCF5C}.Release|x86.ActiveCfg = Release|Win32
		{5995F7A9-BC5F-47C4-99DF-07FB5A3BCF5C}.Release|x86.Build.0 = Release|Win32
	EndGlobalSection
	GlobalSection(SolutionProperties) = preSolution
		HideSolutionNode = FALSE
	EndGlobalSection
	GlobalSection(ExtensibilityGlobals) = postSolution
		SolutionGuid = {7CEE54C6-73CD-4840-900D-EE4F7FBBE4A0}
	EndGlobalSection
EndGlobal
