<?xml version="1.0" encoding="utf-8"?>
<Project ToolsVersion="4.0" xmlns="http://schemas.microsoft.com/developer/msbuild/2003">
  <ItemGroup>
    <Filter Include="Source Files">
      <UniqueIdentifier>{4FC737F1-C7A5-4376-A066-2A32D752A2FF}</UniqueIdentifier>
      <Extensions>cpp;c;cc;cxx;def;odl;idl;hpj;bat;asm;asmx</Extensions>
    </Filter>
    <Filter Include="Header Files">
      <UniqueIdentifier>{93995380-89BD-4b04-88EB-625FBE52EBFB}</UniqueIdentifier>
      <Extensions>h;hh;hpp;hxx;hm;inl;inc;ipp;xsd</Extensions>
    </Filter>
    <Filter Include="Resource Files">
      <UniqueIdentifier>{67DA6AB6-F800-4c08-8B7A-83BB121AAD01}</UniqueIdentifier>
      <Extensions>rc;ico;cur;bmp;dlg;rc2;rct;bin;rgs;gif;jpg;jpeg;jpe;resx;tiff;tif;png;wav;mfcribbon-ms</Extensions>
    </Filter>
    <Filter Include="Resource Files\CREDIT_IMAGES">
      <UniqueIdentifier>{befb4058-31bd-499d-9b14-cc2b850861b6}</UniqueIdentifier>
    </Filter>
  </ItemGroup>
  <ItemGroup>
    <Media Include="CREDIT_IMG\BGM.wav">
      <Filter>Resource Files\CREDIT_IMAGES</Filter>
    </Media>
  </ItemGroup>
  <ItemGroup>
    <Image Include="CREDIT_IMG\bmbCredits.jpg">
      <Filter>Resource Files\CREDIT_IMAGES</Filter>
    </Image>
    <Image Include="CREDIT_IMG\dank_farnan_meme.jpg">
      <Filter>Resource Files\CREDIT_IMAGES</Filter>
    </Image>
    <Image Include="CREDIT_IMG\dsgCredits.png">
      <Filter>Resource Files\CREDIT_IMAGES</Filter>
    </Image>
    <Image Include="CREDIT_IMG\ilum.jpg">
      <Filter>Resource Files\CREDIT_IMAGES</Filter>
    </Image>
    <Image Include="CREDIT_IMG\justin.jpg">
      <Filter>Resource Files\CREDIT_IMAGES</Filter>
    </Image>
    <Image Include="CREDIT_IMG\Kexin Wang.jpg">
      <Filter>Resource Files\CREDIT_IMAGES</Filter>
    </Image>
    <Image Include="CREDIT_IMG\mjl159Credits.png">
      <Filter>Resource Files\CREDIT_IMAGES</Filter>
    </Image>
    <Image Include="CREDIT_IMG\my_greatest_creation.png">
      <Filter>Resource Files\CREDIT_IMAGES</Filter>
    </Image>
    <Image Include="CREDIT_IMG\RyanKillenCreditImage.jpg">
      <Filter>Resource Files\CREDIT_IMAGES</Filter>
    </Image>
    <Image Include="CREDIT_IMG\SankethKolliCredit.jpg">
      <Filter>Resource Files\CREDIT_IMAGES</Filter>
    </Image>
    <Image Include="..\..\..\..\..\Programming\cs1666\characterCreateV2NoButtons.png">
      <Filter>Resource Files</Filter>
    </Image>
    <Image Include="..\..\..\..\..\Programming\cs1666\StartButton.png">
      <Filter>Resource Files</Filter>
    </Image>
    <Image Include="..\..\..\..\..\Programming\cs1666\pointDownArrow.png">
      <Filter>Resource Files</Filter>
    </Image>
    <Image Include="..\..\..\..\..\Programming\cs1666\pointUpArrow.png">
      <Filter>Resource Files</Filter>
    </Image>
  </ItemGroup>
  <ItemGroup>
    <ClCompile Include="mainGame.cpp">
      <Filter>Source Files</Filter>
    </ClCompile>
    <ClCompile Include="Classes\Inventory.cpp">
      <Filter>Source Files</Filter>
    </ClCompile>
    <ClCompile Include="Classes\Player.cpp">
      <Filter>Source Files</Filter>
    </ClCompile>
    <ClCompile Include="Classes\Ability.cpp">
      <Filter>Source Files</Filter>
    </ClCompile>
    <ClCompile Include="Classes\Button.cpp">
      <Filter>Source Files</Filter>
    </ClCompile>
  </ItemGroup>
  <ItemGroup>
    <ClInclude Include="Ability.h">
      <Filter>Header Files</Filter>
    </ClInclude>
    <ClInclude Include="Ailment.h">
      <Filter>Header Files</Filter>
    </ClInclude>
    <ClInclude Include="Headers\Attribute.h">
      <Filter>Header Files</Filter>
    </ClInclude>
    <ClInclude Include="Headers\Character.h">
      <Filter>Header Files</Filter>
    </ClInclude>
    <ClInclude Include="Headers\Enemy.h">
      <Filter>Header Files</Filter>
    </ClInclude>
    <ClInclude Include="Headers\Inventory.h">
      <Filter>Header Files</Filter>
    </ClInclude>
    <ClInclude Include="Headers\Item.h">
      <Filter>Header Files</Filter>
    </ClInclude>
    <ClInclude Include="Headers\Resistance.h">
      <Filter>Header Files</Filter>
    </ClInclude>
    <ClInclude Include="Headers\Player.h">
      <Filter>Header Files</Filter>
    </ClInclude>
    <ClInclude Include="Headers\Ability.h">
      <Filter>Header Files</Filter>
    </ClInclude>
    <ClInclude Include="Headers\Button.h">
      <Filter>Header Files</Filter>
    </ClInclude>
  </ItemGroup>
</Project>